{
  "name": "@camera.ui/tunnel",
  "version": "1.0.4",
  "lockfileVersion": 3,
  "requires": true,
  "packages": {
    "": {
      "name": "@camera.ui/tunnel",
      "version": "1.0.4",
      "license": "MIT",
      "devDependencies": {
        "updates": "^17.19.2"
      }
    },
    "node_modules/updates": {
      "version": "17.19.2",
      "resolved": "https://registry.npmjs.org/updates/-/updates-17.19.2.tgz",
      "integrity": "sha512-4iritJheVOxCu/cNuM3NpZ/0K9Nke+65fpBQx8Dy0AKIIowY/1VzpXfEXkolnojLgjHJ5n7m2Ao/lDfy/3md2Q==",
      "dev": true,
      "license": "BSD-2-Clause",
      "bin": {
        "updates": "dist/index.js"
      },
      "engines": {
        "bun": "*",
        "node": ">=22"
      }
    }
  }
}
