{
  "name": "@camera.ui/tunnel",
  "version": "1.0.5",
  "lockfileVersion": 3,
  "requires": true,
  "packages": {
    "": {
      "name": "@camera.ui/tunnel",
      "version": "1.0.5",
      "license": "MIT",
      "devDependencies": {
        "updates": "^18.0.4"
      }
    },
    "node_modules/updates": {
      "version": "18.0.4",
      "resolved": "https://registry.npmjs.org/updates/-/updates-18.0.4.tgz",
      "integrity": "sha512-Ngi3hqm5SzohyFaU5W5iOMOHWSdhOB0VfqfXyFv6LCzzCeApOlH0ft5cGH3sjZPnsg7brzKKJ5oQS7wKx/7n5w==",
      "dev": true,
      "license": "BSD-2-Clause",
      "bin": {
        "updates": "dist/index.js"
      },
      "engines": {
        "bun": "*",
        "node": ">=22"
      }
    }
  }
}
