{
  "name": "@camera.ui/tunnel",
  "version": "1.0.4",
  "lockfileVersion": 3,
  "requires": true,
  "packages": {
    "": {
      "name": "@camera.ui/tunnel",
      "version": "1.0.4",
      "license": "MIT",
      "devDependencies": {
        "updates": "^17.20.1"
      }
    },
    "node_modules/updates": {
      "version": "17.20.1",
      "resolved": "https://registry.npmjs.org/updates/-/updates-17.20.1.tgz",
      "integrity": "sha512-m+yTU//8DsZsZfB8Lc2ucZ+OAigq2ZgY4vYfqb8nZL/wPsXlnHTdhCE4K/fsX/e39YXeZbslOMaFEBH+lmfQiA==",
      "dev": true,
      "license": "BSD-2-Clause",
      "bin": {
        "updates": "dist/index.js"
      },
      "engines": {
        "bun": "*",
        "node": ">=22"
      }
    }
  }
}
